
Microsoft Visual Studio Solution File, Format Version 12.00
# Visual Studio Version 17
VisualStudioVersion = 17.1.32210.238
MinimumVisualStudioVersion = 10.0.40219.1
Project("{8BC9CEB8-8B4A-11D0-8D11-00A0C91BC942}") = "Tot tema", "Tot tema\Tot tema.vcxproj", "{3D356381-C9A9-464B-BC13-86F5784E9D7D}"
EndProject
Global
	GlobalSection(SolutionConfigurationPlatforms) = preSolution
		Debug|x64 = Debug|x64
		Debug|x86 = Debug|x86
		Release|x64 = Release|x64
		Release|x86 = Release|x86
	EndGlobalSection
	GlobalSection(ProjectConfigurationPlatforms) = postSolution
		{3D356381-C9A9-464B-BC13-86F5784E9D7D}.Debug|x64.ActiveCfg = Debug|x64
		{3D356381-C9A9-464B-BC13-86F5784E9D7D}.Debug|x64.Build.0 = Debug|x64
		{3D356381-C9A9-464B-BC13-86F5784E9D7D}.Debug|x86.ActiveCfg = Debug|Win32
		{3D356381-C9A9-464B-BC13-86F5784E9D7D}.Debug|x86.Build.0 = Debug|Win32
		{3D356381-C9A9-464B-BC13-86F5784E9D7D}.Release|x64.ActiveCfg = Release|x64
		{3D356381-C9A9-464B-BC13-86F5784E9D7D}.Release|x64.Build.0 = Release|x64
		{3D356381-C9A9-464B-BC13-86F5784E9D7D}.Release|x86.ActiveCfg = Release|Win32
		{3D356381-C9A9-464B-BC13-86F5784E9D7D}.Release|x86.Build.0 = Release|Win32
	EndGlobalSection
	GlobalSection(SolutionProperties) = preSolution
		HideSolutionNode = FALSE
	EndGlobalSection
	GlobalSection(ExtensibilityGlobals) = postSolution
		SolutionGuid = {8CBC3501-DBBB-45FC-87E2-5220EA42DAF5}
	EndGlobalSection
EndGlobal
